<?xml version="1.0" encoding="utf-8"?>
<Project ToolsVersion="4.0" xmlns="http://schemas.microsoft.com/developer/msbuild/2003">
  <ItemGroup>
    <Filter Include="Source Files">
      <UniqueIdentifier>{4FC737F1-C7A5-4376-A066-2A32D752A2FF}</UniqueIdentifier>
      <Extensions>cpp;c;cc;cxx;def;odl;idl;hpj;bat;asm;asmx</Extensions>
    </Filter>
    <Filter Include="Header Files">
      <UniqueIdentifier>{93995380-89BD-4b04-88EB-625FBE52EBFB}</UniqueIdentifier>
      <Extensions>h;hh;hpp;hxx;hm;inl;inc;xsd</Extensions>
    </Filter>
    <Filter Include="Resource Files">
      <UniqueIdentifier>{67DA6AB6-F800-4c08-8B7A-83BB121AAD01}</UniqueIdentifier>
      <Extensions>rc;ico;cur;bmp;dlg;rc2;rct;bin;rgs;gif;jpg;jpeg;jpe;resx;tiff;tif;png;wav;mfcribbon-ms</Extensions>
    </Filter>
  </ItemGroup>
  <ItemGroup>
    <None Include="..\cpp\App.config" />
  </ItemGroup>
  <ItemGroup>
    <ClInclude Include="..\cpp\exceptionhelper.h">
      <Filter>Header Files</Filter>
    </ClInclude>
    <ClInclude Include="..\cpp\Program.h">
      <Filter>Header Files</Filter>
    </ClInclude>
    <ClInclude Include="..\cpp\SeidelSolver.h">
      <Filter>Header Files</Filter>
    </ClInclude>
    <ClInclude Include="..\cpp\Elements\HalfSpace.h">
      <Filter>Header Files</Filter>
    </ClInclude>
    <ClInclude Include="..\cpp\Elements\Line.h">
      <Filter>Header Files</Filter>
    </ClInclude>
    <ClInclude Include="..\cpp\Elements\Plane.h">
      <Filter>Header Files</Filter>
    </ClInclude>
    <ClInclude Include="..\cpp\Elements\Point.h">
      <Filter>Header Files</Filter>
    </ClInclude>
    <ClInclude Include="..\cpp\Elements\Vector.h">
      <Filter>Header Files</Filter>
    </ClInclude>
    <ClInclude Include="..\cpp\Interface\IElement.h">
      <Filter>Header Files</Filter>
    </ClInclude>
    <ClInclude Include="..\cpp\Result\AmbigousSeidelResult.h">
      <Filter>Header Files</Filter>
    </ClInclude>
    <ClInclude Include="..\cpp\Result\InfeasibleSeidelResult.h">
      <Filter>Header Files</Filter>
    </ClInclude>
    <ClInclude Include="..\cpp\Result\MinimumSeidelResult.h">
      <Filter>Header Files</Filter>
    </ClInclude>
    <ClInclude Include="..\cpp\Result\SeidelResult.h">
      <Filter>Header Files</Filter>
    </ClInclude>
    <ClInclude Include="..\cpp\Result\UnboundedSeidelResult.h">
      <Filter>Header Files</Filter>
    </ClInclude>
    <ClInclude Include="..\cpp\LESolver.h">
      <Filter>Header Files</Filter>
    </ClInclude>
    <ClInclude Include="..\cpp\Matrix.h">
      <Filter>Header Files</Filter>
    </ClInclude>
  </ItemGroup>
  <ItemGroup>
    <ClCompile Include="..\cpp\Program.cpp">
      <Filter>Source Files</Filter>
    </ClCompile>
    <ClCompile Include="..\cpp\SeidelSolver.cpp">
      <Filter>Source Files</Filter>
    </ClCompile>
    <ClCompile Include="..\cpp\Elements\HalfSpace.cpp">
      <Filter>Source Files</Filter>
    </ClCompile>
    <ClCompile Include="..\cpp\Elements\Line.cpp">
      <Filter>Source Files</Filter>
    </ClCompile>
    <ClCompile Include="..\cpp\Elements\Plane.cpp">
      <Filter>Source Files</Filter>
    </ClCompile>
    <ClCompile Include="..\cpp\Elements\Point.cpp">
      <Filter>Source Files</Filter>
    </ClCompile>
    <ClCompile Include="..\cpp\Elements\Vector.cpp">
      <Filter>Source Files</Filter>
    </ClCompile>
    <ClCompile Include="..\cpp\Result\UnboundedSeidelResult.cpp">
      <Filter>Source Files</Filter>
    </ClCompile>
    <ClCompile Include="..\cpp\Result\SeidelResult.cpp">
      <Filter>Source Files</Filter>
    </ClCompile>
    <ClCompile Include="..\cpp\Result\MinimumSeidelResult.cpp">
      <Filter>Source Files</Filter>
    </ClCompile>
    <ClCompile Include="..\cpp\Result\InfeasibleSeidelResult.cpp">
      <Filter>Source Files</Filter>
    </ClCompile>
    <ClCompile Include="..\cpp\Result\AmbigousSeidelResult.cpp">
      <Filter>Source Files</Filter>
    </ClCompile>
    <ClCompile Include="..\cpp\LESolver.cpp">
      <Filter>Source Files</Filter>
    </ClCompile>
    <ClCompile Include="..\cpp\Matrix.cpp">
      <Filter>Source Files</Filter>
    </ClCompile>
  </ItemGroup>
</Project>